id: pipelock
name: PipelineLock
tagline: Firewall for AI agents with DLP, SSRF protection, MCP scanning, and prompt injection blocking.
description: A firewall for AI agents providing DLP scanning, SSRF protection, bidirectional MCP scanning, tool poisoning detection, and prompt injection blocking. Acts as a security layer between AI agents and external systems to prevent various attack vectors.
first_released: '2026-02-08'
last_updated: '2026-04-23'
maturity_status: experimental
repository_url: https://github.com/luckyPipewrench/pipelock
license: Apache-2.0
control_paradigm: prevention
temporal_phase: in_generation
autonomy_level: fully_autonomous
addresses_failure_modes:
  - security_vulnerability
  - supply_chain_attack
stars: 340
stars_updated_at: '2026-04-23'
inclusion_rationale: >
  Graduated from pipeline candidate id=237 (Kimi-K2.5 extraction,
  overall_confidence=None, rerank_score=0.823669). Pending human
  review of MECE facet placement; autonomy_level defaulted to fully_autonomous if
  Kimi declined to assign.
provenance:
  source: pipeline-v0.1
  ingested_at: '2026-04-23'
  extractor_model: Kimi-K2.5
  rerank_score: 0.824
  candidate_id: 237
